PODS:
  - Kingfisher (2.0.3)
  - Reveal-iOS-SDK (1.6.2)

DEPENDENCIES:
  - Kingfisher (~> 2.0)
  - Reveal-iOS-SDK (~> 1.6.2)

SPEC CHECKSUMS:
  Kingfisher: 44c1f1912f19371a67d701e67c96d6bb45ca1c8d
  Reveal-iOS-SDK: e2250b3c155bcfac53ae223ddc1f76d08f206c33

PODFILE CHECKSUM: 6b6e4a8a62ec6ec573c08057ebce46cce27b7e8c

COCOAPODS: 1.0.0.beta.3
